{
  "type": "Compass Connections",
  "version": {
    "$numberInt": "1"
  },
  "connections": [
    {
      "id": "cdb2447f-1075-4c78-bbcc-888178667342",
      "lastUsed": {
        "$date": {
          "$numberLong": "1720424599480"
        }
      },
      "favorite": {
        "name": "login "
      },
      "savedConnectionType": "favorite",
      "connectionOptions": {
        "connectionString": "mongodb://localhost:27017/",
        "oidc": {
          "serializedState": "eyJvaWRjUGx1Z2luU3RhdGVWZXJzaW9uIjowLCJzdGF0ZSI6W119"
        }
      }
    }
  ]
}